
Microsoft Visual Studio Solution File, Format Version 12.00
# Visual Studio Version 16
VisualStudioVersion = 16.0.30517.126
MinimumVisualStudioVersion = 10.0.40219.1
Project("{FAE04EC0-301F-11D3-BF4B-00C04F79EFBC}") = "LibreríaPractica", "LibreríaPractica.csproj", "{1C17A0BF-E73F-45CD-B0CD-308E243E7112}"
EndProject
Global
	GlobalSection(SolutionConfigurationPlatforms) = preSolution
		Debug|Any CPU = Debug|Any CPU
		Release|Any CPU = Release|Any CPU
	EndGlobalSection
	GlobalSection(ProjectConfigurationPlatforms) = postSolution
		{1C17A0BF-E73F-45CD-B0CD-308E243E7112}.Debug|Any CPU.ActiveCfg = Debug|Any CPU
		{1C17A0BF-E73F-45CD-B0CD-308E243E7112}.Debug|Any CPU.Build.0 = Debug|Any CPU
		{1C17A0BF-E73F-45CD-B0CD-308E243E7112}.Release|Any CPU.ActiveCfg = Release|Any CPU
		{1C17A0BF-E73F-45CD-B0CD-308E243E7112}.Release|Any CPU.Build.0 = Release|Any CPU
	EndGlobalSection
	GlobalSection(SolutionProperties) = preSolution
		HideSolutionNode = FALSE
	EndGlobalSection
	GlobalSection(ExtensibilityGlobals) = postSolution
		SolutionGuid = {9271A35C-976D-48EE-845F-CBB5FADA3AB7}
	EndGlobalSection
EndGlobal
